// !$*UTF8*$!
{
	archiveVersion = 1;
	classes = {
	};
	objectVersion = 50;
	objects = {

/* Begin PBXBuildFile section */
		7AA41AD922FBD0020019DD2B /* AppDelegate.swift in Sources */ = {isa = PBXBuildFile; fileRef = 7AA41AD822FBD0020019DD2B /* AppDelegate.swift */; };
		7AA41ADB22FBD0020019DD2B /* ViewController.swift in Sources */ = {isa = PBXBuildFile; fileRef = 7AA41ADA22FBD0020019DD2B /* ViewController.swift */; };
		7AA41ADE22FBD0020019DD2B /* Main.storyboard in Resources */ = {isa = PBXBuildFile; fileRef = 7AA41ADC22FBD0020019DD2B /* Main.storyboard */; };
		7AA41AE022FBD0050019DD2B /* Assets.xcassets in Resources */ = {isa = PBXBuildFile; fileRef = 7AA41ADF22FBD0050019DD2B /* Assets.xcassets */; };
		7AA41AE322FBD0050019DD2B /* LaunchScreen.storyboard in Resources */ = {isa = PBXBuildFile; fileRef = 7AA41AE122FBD0050019DD2B /* LaunchScreen.storyboard */; };
		7AA41AED22FC01AF0019DD2B /* MitakaEkimae.JPG in Resources */ = {isa = PBXBuildFile; fileRef = 7AA41AEC22FC01AF0019DD2B /* MitakaEkimae.JPG */; };
		7AA41AF022FD13070019DD2B /* MapKit.framework in Frameworks */ = {isa = PBXBuildFile; fileRef = 7AA41AEF22FD13070019DD2B /* MapKit.framework */; };
/* End PBXBuildFile section */

/* Begin PBXFileReference section */
		7AA41AD522FBD0020019DD2B /* EXIFTest.app */ = {isa = PBXFileReference; explicitFileType = wrapper.application; includeInIndex = 0; path = EXIFTest.app; sourceTree = BUILT_PRODUCTS_DIR; };
		7AA41AD822FBD0020019DD2B /* AppDelegate.swift */ = {isa = PBXFileReference; lastKnownFileType = sourcecode.swift; path = AppDelegate.swift; sourceTree = "<group>"; };
		7AA41ADA22FBD0020019DD2B /* ViewController.swift */ = {isa = PBXFileReference; lastKnownFileType = sourcecode.swift; path = ViewController.swift; sourceTree = "<group>"; };
		7AA41ADD22FBD0020019DD2B /* Base */ = {isa = PBXFileReference; lastKnownFileType = file.storyboard; name = Base; path = Base.lproj/Main.storyboard; sourceTree = "<group>"; };
		7AA41ADF22FBD0050019DD2B /* Assets.xcassets */ = {isa = PBXFileReference; lastKnownFileType = folder.assetcatalog; path = Assets.xcassets; sourceTree = "<group>"; };
		7AA41AE222FBD0050019DD2B /* Base */ = {isa = PBXFileReference; lastKnownFileType = file.storyboard; name = Base; path = Base.lproj/LaunchScreen.storyboard; sourceTree = "<group>"; };
		7AA41AE422FBD0050019DD2B /* Info.plist */ = {isa = PBXFileReference; lastKnownFileType = text.plist.xml; path = Info.plist; sourceTree = "<group>"; };
		7AA41AEC22FC01AF0019DD2B /* MitakaEkimae.JPG */ = {isa = PBXFileReference; lastKnownFileType = image.jpeg; path = MitakaEkimae.JPG; sourceTree = "<group>"; };
		7AA41AEF22FD13070019DD2B /* MapKit.framework */ = {isa = PBXFileReference; lastKnownFileType = wrapper.framework; name = MapKit.framework; path = System/Library/Frameworks/MapKit.framework; sourceTree = SDKROOT; };
/* End PBXFileReference section */

/* Begin PBXFrameworksBuildPhase section */
		7AA41AD222FBD0020019DD2B /* Frameworks */ = {
			isa = PBXFrameworksBuildPhase;
			buildActionMask = 2147483647;
			files = (
				7AA41AF022FD13070019DD2B /* MapKit.framework in Frameworks */,
			);
			runOnlyForDeploymentPostprocessing = 0;
		};
/* End PBXFrameworksBuildPhase section */

/* Begin PBXGroup section */
		7AA41ACC22FBD0020019DD2B = {
			isa = PBXGroup;
			children = (
				7AA41AD722FBD0020019DD2B /* EXIFTest */,
				7AA41AD622FBD0020019DD2B /* Products */,
				7AA41AEE22FD13070019DD2B /* Frameworks */,
			);
			sourceTree = "<group>";
		};
		7AA41AD622FBD0020019DD2B /* Products */ = {
			isa = PBXGroup;
			children = (
				7AA41AD522FBD0020019DD2B /* EXIFTest.app */,
			);
			name = Products;
			sourceTree = "<group>";
		};
		7AA41AD722FBD0020019DD2B /* EXIFTest */ = {
			isa = PBXGroup;
			children = (
				7AA41AD822FBD0020019DD2B /* AppDelegate.swift */,
				7AA41ADA22FBD0020019DD2B /* ViewController.swift */,
				7AA41AEC22FC01AF0019DD2B /* MitakaEkimae.JPG */,
				7AA41ADC22FBD0020019DD2B /* Main.storyboard */,
				7AA41ADF22FBD0050019DD2B /* Assets.xcassets */,
				7AA41AE122FBD0050019DD2B /* LaunchScreen.storyboard */,
				7AA41AE422FBD0050019DD2B /* Info.plist */,
			);
			path = EXIFTest;
			sourceTree = "<group>";
		};
		7AA41AEE22FD13070019DD2B /* Frameworks */ = {
			isa = PBXGroup;
			children = (
				7AA41AEF22FD13070019DD2B /* MapKit.framework */,
			);
			name = Frameworks;
			sourceTree = "<group>";
		};
/* End PBXGroup section */

/* Begin PBXNativeTarget section */
		7AA41AD422FBD0020019DD2B /* EXIFTest */ = {
			isa = PBXNativeTarget;
			buildConfigurationList = 7AA41AE722FBD0050019DD2B /* Build configuration list for PBXNativeTarget "EXIFTest" */;
			buildPhases = (
				7AA41AD122FBD0020019DD2B /* Sources */,
				7AA41AD222FBD0020019DD2B /* Frameworks */,
				7AA41AD322FBD0020019DD2B /* Resources */,
			);
			buildRules = (
			);
			dependencies = (
			);
			name = EXIFTest;
			productName = EXIFTest;
			productReference = 7AA41AD522FBD0020019DD2B /* EXIFTest.app */;
			productType = "com.apple.product-type.application";
		};
/* End PBXNativeTarget section */

/* Begin PBXProject section */
		7AA41ACD22FBD0020019DD2B /* Project object */ = {
			isa = PBXProject;
			attributes = {
				LastSwiftUpdateCheck = 1030;
				LastUpgradeCheck = 1030;
				ORGANIZATIONNAME = "Kazuma Hatada";
				TargetAttributes = {
					7AA41AD422FBD0020019DD2B = {
						CreatedOnToolsVersion = 10.3;
					};
				};
			};
			buildConfigurationList = 7AA41AD022FBD0020019DD2B /* Build configuration list for PBXProject "EXIFTest" */;
			compatibilityVersion = "Xcode 9.3";
			developmentRegion = en;
			hasScannedForEncodings = 0;
			knownRegions = (
				en,
				Base,
			);
			mainGroup = 7AA41ACC22FBD0020019DD2B;
			productRefGroup = 7AA41AD622FBD0020019DD2B /* Products */;
			projectDirPath = "";
			projectRoot = "";
			targets = (
				7AA41AD422FBD0020019DD2B /* EXIFTest */,
			);
		};
/* End PBXProject section */

/* Begin PBXResourcesBuildPhase section */
		7AA41AD322FBD0020019DD2B /* Resources */ = {
			isa = PBXResourcesBuildPhase;
			buildActionMask = 2147483647;
			files = (
				7AA41AE322FBD0050019DD2B /* LaunchScreen.storyboard in Resources */,
				7AA41AE022FBD0050019DD2B /* Assets.xcassets in Resources */,
				7AA41AED22FC01AF0019DD2B /* MitakaEkimae.JPG in Resources */,
				7AA41ADE22FBD0020019DD2B /* Main.storyboard in Resources */,
			);
			runOnlyForDeploymentPostprocessing = 0;
		};
/* End PBXResourcesBuildPhase section */

/* Begin PBXSourcesBuildPhase section */
		7AA41AD122FBD0020019DD2B /* Sources */ = {
			isa = PBXSourcesBuildPhase;
			buildActionMask = 2147483647;
			files = (
				7AA41ADB22FBD0020019DD2B /* ViewController.swift in Sources */,
				7AA41AD922FBD0020019DD2B /* AppDelegate.swift in Sources */,
			);
			runOnlyForDeploymentPostprocessing = 0;
		};
/* End PBXSourcesBuildPhase section */

/* Begin PBXVariantGroup section */
		7AA41ADC22FBD0020019DD2B /* Main.storyboard */ = {
			isa = PBXVariantGroup;
			children = (
				7AA41ADD22FBD0020019DD2B /* Base */,
			);
			name = Main.storyboard;
			sourceTree = "<group>";
		};
		7AA41AE122FBD0050019DD2B /* LaunchScreen.storyboard */ = {
			isa = PBXVariantGroup;
			children = (
				7AA41AE222FBD0050019DD2B /* Base */,
			);
			name = LaunchScreen.storyboard;
			sourceTree = "<group>";
		};
/* End PBXVariantGroup section */

/* Begin XCBuildConfiguration section */
		7AA41AE522FBD0050019DD2B /* Debug */ = {
			isa = XCBuildConfiguration;
			buildSettings = {
				ALWAYS_SEARCH_USER_PATHS = NO;
				CLANG_ANALYZER_NONNULL = YES;
				CLANG_ANALYZER_NUMBER_OBJECT_CONVERSION = YES_AGGRESSIVE;
				CLANG_CXX_LANGUAGE_STANDARD = "gnu++14";
				CLANG_CXX_LIBRARY = "libc++";
				CLANG_ENABLE_MODULES = YES;
				CLANG_ENABLE_OBJC_ARC = YES;
				CLANG_ENABLE_OBJC_WEAK = YES;
				CLANG_WARN_BLOCK_CAPTURE_AUTORELEASING = YES;
				CLANG_WARN_BOOL_CONVERSION = YES;
				CLANG_WARN_COMMA = YES;
				CLANG_WARN_CONSTANT_CONVERSION = YES;
				CLANG_WARN_DEPRECATED_OBJC_IMPLEMENTATIONS = YES;
				CLANG_WARN_DIRECT_OBJC_ISA_USAGE = YES_ERROR;
				CLANG_WARN_DOCUMENTATION_COMMENTS = YES;
				CLANG_WARN_EMPTY_BODY = YES;
				CLANG_WARN_ENUM_CONVERSION = YES;
				CLANG_WARN_INFINITE_RECURSION = YES;
				CLANG_WARN_INT_CONVERSION = YES;
				CLANG_WARN_NON_LITERAL_NULL_CONVERSION = YES;
				CLANG_WARN_OBJC_IMPLICIT_RETAIN_SELF = YES;
				CLANG_WARN_OBJC_LITERAL_CONVERSION = YES;
				CLANG_WARN_OBJC_ROOT_CLASS = YES_ERROR;
				CLANG_WARN_RANGE_LOOP_ANALYSIS = YES;
				CLANG_WARN_STRICT_PROTOTYPES = YES;
				CLANG_WARN_SUSPICIOUS_MOVE = YES;
				CLANG_WARN_UNGUARDED_AVAILABILITY = YES_AGGRESSIVE;
				CLANG_WARN_UNREACHABLE_CODE = YES;
				CLANG_WARN__DUPLICATE_METHOD_MATCH = YES;
				CODE_SIGN_IDENTITY = "iPhone Developer";
				COPY_PHASE_STRIP = NO;
				DEBUG_INFORMATION_FORMAT = dwarf;
				ENABLE_STRICT_OBJC_MSGSEND = YES;
				ENABLE_TESTABILITY = YES;
				GCC_C_LANGUAGE_STANDARD = gnu11;
				GCC_DYNAMIC_NO_PIC = NO;
				GCC_NO_COMMON_BLOCKS = YES;
				GCC_OPTIMIZATION_LEVEL = 0;
				GCC_PREPROCESSOR_DEFINITIONS = (
					"DEBUG=1",
					"$(inherited)",
				);
				GCC_WARN_64_TO_32_BIT_CONVERSION = YES;
				GCC_WARN_ABOUT_RETURN_TYPE = YES_ERROR;
				GCC_WARN_UNDECLARED_SELECTOR = YES;
				GCC_WARN_UNINITIALIZED_AUTOS = YES_AGGRESSIVE;
				GCC_WARN_UNUSED_FUNCTION = YES;
				GCC_WARN_UNUSED_VARIABLE = YES;
				IPHONEOS_DEPLOYMENT_TARGET = 12.4;
				MTL_ENABLE_DEBUG_INFO = INCLUDE_SOURCE;
				MTL_FAST_MATH = YES;
				ONLY_ACTIVE_ARCH = YES;
				SDKROOT = iphoneos;
				SWIFT_ACTIVE_COMPILATION_CONDITIONS = DEBUG;
				SWIFT_OPTIMIZATION_LEVEL = "-Onone";
			};
			name = Debug;
		};
		7AA41AE622FBD0050019DD2B /* Release */ = {
			isa = XCBuildConfiguration;
			buildSettings = {
				ALWAYS_SEARCH_USER_PATHS = NO;
				CLANG_ANALYZER_NONNULL = YES;
				CLANG_ANALYZER_NUMBER_OBJECT_CONVERSION = YES_AGGRESSIVE;
				CLANG_CXX_LANGUAGE_STANDARD = "gnu++14";
				CLANG_CXX_LIBRARY = "libc++";
				CLANG_ENABLE_MODULES = YES;
				CLANG_ENABLE_OBJC_ARC = YES;
				CLANG_ENABLE_OBJC_WEAK = YES;
				CLANG_WARN_BLOCK_CAPTURE_AUTORELEASING = YES;
				CLANG_WARN_BOOL_CONVERSION = YES;
				CLANG_WARN_COMMA = YES;
				CLANG_WARN_CONSTANT_CONVERSION = YES;
				CLANG_WARN_DEPRECATED_OBJC_IMPLEMENTATIONS = YES;
				CLANG_WARN_DIRECT_OBJC_ISA_USAGE = YES_ERROR;
				CLANG_WARN_DOCUMENTATION_COMMENTS = YES;
				CLANG_WARN_EMPTY_BODY = YES;
				CLANG_WARN_ENUM_CONVERSION = YES;
				CLANG_WARN_INFINITE_RECURSION = YES;
				CLANG_WARN_INT_CONVERSION = YES;
				CLANG_WARN_NON_LITERAL_NULL_CONVERSION = YES;
				CLANG_WARN_OBJC_IMPLICIT_RETAIN_SELF = YES;
				CLANG_WARN_OBJC_LITERAL_CONVERSION = YES;
				CLANG_WARN_OBJC_ROOT_CLASS = YES_ERROR;
				CLANG_WARN_RANGE_LOOP_ANALYSIS = YES;
				CLANG_WARN_STRICT_PROTOTYPES = YES;
				CLANG_WARN_SUSPICIOUS_MOVE = YES;
				CLANG_WARN_UNGUARDED_AVAILABILITY = YES_AGGRESSIVE;
				CLANG_WARN_UNREACHABLE_CODE = YES;
				CLANG_WARN__DUPLICATE_METHOD_MATCH = YES;
				CODE_SIGN_IDENTITY = "iPhone Developer";
				COPY_PHASE_STRIP = NO;
				DEBUG_INFORMATION_FORMAT = "dwarf-with-dsym";
				ENABLE_NS_ASSERTIONS = NO;
				ENABLE_STRICT_OBJC_MSGSEND = YES;
				GCC_C_LANGUAGE_STANDARD = gnu11;
				GCC_NO_COMMON_BLOCKS = YES;
				GCC_WARN_64_TO_32_BIT_CONVERSION = YES;
				GCC_WARN_ABOUT_RETURN_TYPE = YES_ERROR;
				GCC_WARN_UNDECLARED_SELECTOR = YES;
				GCC_WARN_UNINITIALIZED_AUTOS = YES_AGGRESSIVE;
				GCC_WARN_UNUSED_FUNCTION = YES;
				GCC_WARN_UNUSED_VARIABLE = YES;
				IPHONEOS_DEPLOYMENT_TARGET = 12.4;
				MTL_ENABLE_DEBUG_INFO = NO;
				MTL_FAST_MATH = YES;
				SDKROOT = iphoneos;
				SWIFT_COMPILATION_MODE = wholemodule;
				SWIFT_OPTIMIZATION_LEVEL = "-O";
				VALIDATE_PRODUCT = YES;
			};
			name = Release;
		};
		7AA41AE822FBD0050019DD2B /* Debug */ = {
			isa = XCBuildConfiguration;
			buildSettings = {
				ASSETCATALOG_COMPILER_APPICON_NAME = AppIcon;
				CODE_SIGN_STYLE = Automatic;
				DEVELOPMENT_TEAM = TY68FF75T5;
				INFOPLIST_FILE = EXIFTest/Info.plist;
				LD_RUNPATH_SEARCH_PATHS = (
					"$(inherited)",
					"@executable_path/Frameworks",
				);
				PRODUCT_BUNDLE_IDENTIFIER = "rsh88116-nifty.com.EXIFTest";
				PRODUCT_NAME = "$(TARGET_NAME)";
				SWIFT_VERSION = 5.0;
				TARGETED_DEVICE_FAMILY = "1,2";
			};
			name = Debug;
		};
		7AA41AE922FBD0050019DD2B /* Release */ = {
			isa = XCBuildConfiguration;
			buildSettings = {
				ASSETCATALOG_COMPILER_APPICON_NAME = AppIcon;
				CODE_SIGN_STYLE = Automatic;
				DEVELOPMENT_TEAM = TY68FF75T5;
				INFOPLIST_FILE = EXIFTest/Info.plist;
				LD_RUNPATH_SEARCH_PATHS = (
					"$(inherited)",
					"@executable_path/Frameworks",
				);
				PRODUCT_BUNDLE_IDENTIFIER = "rsh88116-nifty.com.EXIFTest";
				PRODUCT_NAME = "$(TARGET_NAME)";
				SWIFT_VERSION = 5.0;
				TARGETED_DEVICE_FAMILY = "1,2";
			};
			name = Release;
		};
/* End XCBuildConfiguration section */

/* Begin XCConfigurationList section */
		7AA41AD022FBD0020019DD2B /* Build configuration list for PBXProject "EXIFTest" */ = {
			isa = XCConfigurationList;
			buildConfigurations = (
				7AA41AE522FBD0050019DD2B /* Debug */,
				7AA41AE622FBD0050019DD2B /* Release */,
			);
			defaultConfigurationIsVisible = 0;
			defaultConfigurationName = Release;
		};
		7AA41AE722FBD0050019DD2B /* Build configuration list for PBXNativeTarget "EXIFTest" */ = {
			isa = XCConfigurationList;
			buildConfigurations = (
				7AA41AE822FBD0050019DD2B /* Debug */,
				7AA41AE922FBD0050019DD2B /* Release */,
			);
			defaultConfigurationIsVisible = 0;
			defaultConfigurationName = Release;
		};
/* End XCConfigurationList section */
	};
	rootObject = 7AA41ACD22FBD0020019DD2B /* Project object */;
}
